
Microsoft Visual Studio Solution File, Format Version 12.00
# Visual Studio Version 16
VisualStudioVersion = 16.0.29709.97
MinimumVisualStudioVersion = 10.0.40219.1
Project("{FAE04EC0-301F-11D3-BF4B-00C04F79EFBC}") = "ParksAndDeath", "ParksAndDeath\ParksAndDeath.csproj", "{99C06AC6-3D1D-426B-A7A7-5FA7AB54591E}"
EndProject
Global
	GlobalSection(SolutionConfigurationPlatforms) = preSolution
		Debug|Any CPU = Debug|Any CPU
		Release|Any CPU = Release|Any CPU
	EndGlobalSection
	GlobalSection(ProjectConfigurationPlatforms) = postSolution
		{99C06AC6-3D1D-426B-A7A7-5FA7AB54591E}.Debug|Any CPU.ActiveCfg = Debug|Any CPU
		{99C06AC6-3D1D-426B-A7A7-5FA7AB54591E}.Debug|Any CPU.Build.0 = Debug|Any CPU
		{99C06AC6-3D1D-426B-A7A7-5FA7AB54591E}.Release|Any CPU.ActiveCfg = Release|Any CPU
		{99C06AC6-3D1D-426B-A7A7-5FA7AB54591E}.Release|Any CPU.Build.0 = Release|Any CPU
	EndGlobalSection
	GlobalSection(SolutionProperties) = preSolution
		HideSolutionNode = FALSE
	EndGlobalSection
	GlobalSection(ExtensibilityGlobals) = postSolution
		SolutionGuid = {E8444DE4-2576-480F-84EB-E327D7FFCB20}
	EndGlobalSection
EndGlobal
